// !$*UTF8*$!
{
	archiveVersion = 1;
	classes = {
	};
	objectVersion = 48;
	objects = {

/* Begin PBXBuildFile section */
		8735E1482084F721008BA9F4 /* AppDelegate.swift in Sources */ = {isa = PBXBuildFile; fileRef = 8735E1472084F721008BA9F4 /* AppDelegate.swift */; };
		8735E14A2084F721008BA9F4 /* ViewController.swift in Sources */ = {isa = PBXBuildFile; fileRef = 8735E1492084F721008BA9F4 /* ViewController.swift */; };
		8735E14D2084F721008BA9F4 /* Main.storyboard in Resources */ = {isa = PBXBuildFile; fileRef = 8735E14B2084F721008BA9F4 /* Main.storyboard */; };
		8735E14F2084F721008BA9F4 /* Assets.xcassets in Resources */ = {isa = PBXBuildFile; fileRef = 8735E14E2084F721008BA9F4 /* Assets.xcassets */; };
		8735E1522084F721008BA9F4 /* LaunchScreen.storyboard in Resources */ = {isa = PBXBuildFile; fileRef = 8735E1502084F721008BA9F4 /* LaunchScreen.storyboard */; };
		8735E15F2084F75B008BA9F4 /* VectorMath+QuartzCore.swift in Sources */ = {isa = PBXBuildFile; fileRef = 8735E15A2084F75B008BA9F4 /* VectorMath+QuartzCore.swift */; };
		8735E1602084F75B008BA9F4 /* VectorMath+SceneKit.swift in Sources */ = {isa = PBXBuildFile; fileRef = 8735E15B2084F75B008BA9F4 /* VectorMath+SceneKit.swift */; };
		8735E1612084F75B008BA9F4 /* VectorMath.swift in Sources */ = {isa = PBXBuildFile; fileRef = 8735E15C2084F75B008BA9F4 /* VectorMath.swift */; };
		8735E1622084F75B008BA9F4 /* Utils.swift in Sources */ = {isa = PBXBuildFile; fileRef = 8735E15E2084F75B008BA9F4 /* Utils.swift */; };
		8735E1642084F770008BA9F4 /* RouteArrowAnimation.swift in Sources */ = {isa = PBXBuildFile; fileRef = 8735E1632084F770008BA9F4 /* RouteArrowAnimation.swift */; };
		8735E1662084F7CF008BA9F4 /* RouteAnimationUtils.swift in Sources */ = {isa = PBXBuildFile; fileRef = 8735E1652084F7CF008BA9F4 /* RouteAnimationUtils.swift */; };
		8735E1682084F8E9008BA9F4 /* RouteNodes.swift in Sources */ = {isa = PBXBuildFile; fileRef = 8735E1672084F8E9008BA9F4 /* RouteNodes.swift */; };
/* End PBXBuildFile section */

/* Begin PBXFileReference section */
		8735E1442084F721008BA9F4 /* RoutePolyline.app */ = {isa = PBXFileReference; explicitFileType = wrapper.application; includeInIndex = 0; path = RoutePolyline.app; sourceTree = BUILT_PRODUCTS_DIR; };
		8735E1472084F721008BA9F4 /* AppDelegate.swift */ = {isa = PBXFileReference; lastKnownFileType = sourcecode.swift; path = AppDelegate.swift; sourceTree = "<group>"; };
		8735E1492084F721008BA9F4 /* ViewController.swift */ = {isa = PBXFileReference; lastKnownFileType = sourcecode.swift; path = ViewController.swift; sourceTree = "<group>"; };
		8735E14C2084F721008BA9F4 /* Base */ = {isa = PBXFileReference; lastKnownFileType = file.storyboard; name = Base; path = Base.lproj/Main.storyboard; sourceTree = "<group>"; };
		8735E14E2084F721008BA9F4 /* Assets.xcassets */ = {isa = PBXFileReference; lastKnownFileType = folder.assetcatalog; path = Assets.xcassets; sourceTree = "<group>"; };
		8735E1512084F721008BA9F4 /* Base */ = {isa = PBXFileReference; lastKnownFileType = file.storyboard; name = Base; path = Base.lproj/LaunchScreen.storyboard; sourceTree = "<group>"; };
		8735E1532084F721008BA9F4 /* Info.plist */ = {isa = PBXFileReference; lastKnownFileType = text.plist.xml; path = Info.plist; sourceTree = "<group>"; };
		8735E15A2084F75B008BA9F4 /* VectorMath+QuartzCore.swift */ = {isa = PBXFileReference; fileEncoding = 4; lastKnownFileType = sourcecode.swift; path = "VectorMath+QuartzCore.swift"; sourceTree = "<group>"; };
		8735E15B2084F75B008BA9F4 /* VectorMath+SceneKit.swift */ = {isa = PBXFileReference; fileEncoding = 4; lastKnownFileType = sourcecode.swift; path = "VectorMath+SceneKit.swift"; sourceTree = "<group>"; };
		8735E15C2084F75B008BA9F4 /* VectorMath.swift */ = {isa = PBXFileReference; fileEncoding = 4; lastKnownFileType = sourcecode.swift; path = VectorMath.swift; sourceTree = "<group>"; };
		8735E15E2084F75B008BA9F4 /* Utils.swift */ = {isa = PBXFileReference; fileEncoding = 4; lastKnownFileType = sourcecode.swift; path = Utils.swift; sourceTree = "<group>"; };
		8735E1632084F770008BA9F4 /* RouteArrowAnimation.swift */ = {isa = PBXFileReference; lastKnownFileType = sourcecode.swift; path = RouteArrowAnimation.swift; sourceTree = "<group>"; };
		8735E1652084F7CF008BA9F4 /* RouteAnimationUtils.swift */ = {isa = PBXFileReference; lastKnownFileType = sourcecode.swift; path = RouteAnimationUtils.swift; sourceTree = "<group>"; };
		8735E1672084F8E9008BA9F4 /* RouteNodes.swift */ = {isa = PBXFileReference; lastKnownFileType = sourcecode.swift; path = RouteNodes.swift; sourceTree = "<group>"; };
/* End PBXFileReference section */

/* Begin PBXFrameworksBuildPhase section */
		8735E1412084F721008BA9F4 /* Frameworks */ = {
			isa = PBXFrameworksBuildPhase;
			buildActionMask = 2147483647;
			files = (
			);
			runOnlyForDeploymentPostprocessing = 0;
		};
/* End PBXFrameworksBuildPhase section */

/* Begin PBXGroup section */
		8735E13B2084F721008BA9F4 = {
			isa = PBXGroup;
			children = (
				8735E1462084F721008BA9F4 /* RoutePolyline */,
				8735E1452084F721008BA9F4 /* Products */,
			);
			sourceTree = "<group>";
		};
		8735E1452084F721008BA9F4 /* Products */ = {
			isa = PBXGroup;
			children = (
				8735E1442084F721008BA9F4 /* RoutePolyline.app */,
			);
			name = Products;
			sourceTree = "<group>";
		};
		8735E1462084F721008BA9F4 /* RoutePolyline */ = {
			isa = PBXGroup;
			children = (
				8735E15D2084F75B008BA9F4 /* Utils */,
				8735E1592084F75B008BA9F4 /* VectorMath */,
				8735E1472084F721008BA9F4 /* AppDelegate.swift */,
				8735E1492084F721008BA9F4 /* ViewController.swift */,
				8735E14B2084F721008BA9F4 /* Main.storyboard */,
				8735E14E2084F721008BA9F4 /* Assets.xcassets */,
				8735E1502084F721008BA9F4 /* LaunchScreen.storyboard */,
				8735E1532084F721008BA9F4 /* Info.plist */,
				8735E1632084F770008BA9F4 /* RouteArrowAnimation.swift */,
				8735E1652084F7CF008BA9F4 /* RouteAnimationUtils.swift */,
				8735E1672084F8E9008BA9F4 /* RouteNodes.swift */,
			);
			path = RoutePolyline;
			sourceTree = "<group>";
		};
		8735E1592084F75B008BA9F4 /* VectorMath */ = {
			isa = PBXGroup;
			children = (
				8735E15A2084F75B008BA9F4 /* VectorMath+QuartzCore.swift */,
				8735E15B2084F75B008BA9F4 /* VectorMath+SceneKit.swift */,
				8735E15C2084F75B008BA9F4 /* VectorMath.swift */,
			);
			path = VectorMath;
			sourceTree = "<group>";
		};
		8735E15D2084F75B008BA9F4 /* Utils */ = {
			isa = PBXGroup;
			children = (
				8735E15E2084F75B008BA9F4 /* Utils.swift */,
			);
			path = Utils;
			sourceTree = "<group>";
		};
/* End PBXGroup section */

/* Begin PBXNativeTarget section */
		8735E1432084F721008BA9F4 /* RoutePolyline */ = {
			isa = PBXNativeTarget;
			buildConfigurationList = 8735E1562084F721008BA9F4 /* Build configuration list for PBXNativeTarget "RoutePolyline" */;
			buildPhases = (
				8735E1402084F721008BA9F4 /* Sources */,
				8735E1412084F721008BA9F4 /* Frameworks */,
				8735E1422084F721008BA9F4 /* Resources */,
			);
			buildRules = (
			);
			dependencies = (
			);
			name = RoutePolyline;
			productName = RoutePolyline;
			productReference = 8735E1442084F721008BA9F4 /* RoutePolyline.app */;
			productType = "com.apple.product-type.application";
		};
/* End PBXNativeTarget section */

/* Begin PBXProject section */
		8735E13C2084F721008BA9F4 /* Project object */ = {
			isa = PBXProject;
			attributes = {
				LastSwiftUpdateCheck = 0920;
				LastUpgradeCheck = 0920;
				ORGANIZATIONNAME = "Yandex, LLC";
				TargetAttributes = {
					8735E1432084F721008BA9F4 = {
						CreatedOnToolsVersion = 9.2;
						ProvisioningStyle = Automatic;
					};
				};
			};
			buildConfigurationList = 8735E13F2084F721008BA9F4 /* Build configuration list for PBXProject "RoutePolyline" */;
			compatibilityVersion = "Xcode 8.0";
			developmentRegion = en;
			hasScannedForEncodings = 0;
			knownRegions = (
				en,
				Base,
			);
			mainGroup = 8735E13B2084F721008BA9F4;
			productRefGroup = 8735E1452084F721008BA9F4 /* Products */;
			projectDirPath = "";
			projectRoot = "";
			targets = (
				8735E1432084F721008BA9F4 /* RoutePolyline */,
			);
		};
/* End PBXProject section */

/* Begin PBXResourcesBuildPhase section */
		8735E1422084F721008BA9F4 /* Resources */ = {
			isa = PBXResourcesBuildPhase;
			buildActionMask = 2147483647;
			files = (
				8735E1522084F721008BA9F4 /* LaunchScreen.storyboard in Resources */,
				8735E14F2084F721008BA9F4 /* Assets.xcassets in Resources */,
				8735E14D2084F721008BA9F4 /* Main.storyboard in Resources */,
			);
			runOnlyForDeploymentPostprocessing = 0;
		};
/* End PBXResourcesBuildPhase section */

/* Begin PBXSourcesBuildPhase section */
		8735E1402084F721008BA9F4 /* Sources */ = {
			isa = PBXSourcesBuildPhase;
			buildActionMask = 2147483647;
			files = (
				8735E1642084F770008BA9F4 /* RouteArrowAnimation.swift in Sources */,
				8735E1682084F8E9008BA9F4 /* RouteNodes.swift in Sources */,
				8735E15F2084F75B008BA9F4 /* VectorMath+QuartzCore.swift in Sources */,
				8735E14A2084F721008BA9F4 /* ViewController.swift in Sources */,
				8735E1602084F75B008BA9F4 /* VectorMath+SceneKit.swift in Sources */,
				8735E1612084F75B008BA9F4 /* VectorMath.swift in Sources */,
				8735E1482084F721008BA9F4 /* AppDelegate.swift in Sources */,
				8735E1662084F7CF008BA9F4 /* RouteAnimationUtils.swift in Sources */,
				8735E1622084F75B008BA9F4 /* Utils.swift in Sources */,
			);
			runOnlyForDeploymentPostprocessing = 0;
		};
/* End PBXSourcesBuildPhase section */

/* Begin PBXVariantGroup section */
		8735E14B2084F721008BA9F4 /* Main.storyboard */ = {
			isa = PBXVariantGroup;
			children = (
				8735E14C2084F721008BA9F4 /* Base */,
			);
			name = Main.storyboard;
			sourceTree = "<group>";
		};
		8735E1502084F721008BA9F4 /* LaunchScreen.storyboard */ = {
			isa = PBXVariantGroup;
			children = (
				8735E1512084F721008BA9F4 /* Base */,
			);
			name = LaunchScreen.storyboard;
			sourceTree = "<group>";
		};
/* End PBXVariantGroup section */

/* Begin XCBuildConfiguration section */
		8735E1542084F721008BA9F4 /* Debug */ = {
			isa = XCBuildConfiguration;
			buildSettings = {
				ALWAYS_SEARCH_USER_PATHS = NO;
				CLANG_ANALYZER_NONNULL = YES;
				CLANG_ANALYZER_NUMBER_OBJECT_CONVERSION = YES_AGGRESSIVE;
				CLANG_CXX_LANGUAGE_STANDARD = "gnu++14";
				CLANG_CXX_LIBRARY = "libc++";
				CLANG_ENABLE_MODULES = YES;
				CLANG_ENABLE_OBJC_ARC = YES;
				CLANG_WARN_BLOCK_CAPTURE_AUTORELEASING = YES;
				CLANG_WARN_BOOL_CONVERSION = YES;
				CLANG_WARN_COMMA = YES;
				CLANG_WARN_CONSTANT_CONVERSION = YES;
				CLANG_WARN_DIRECT_OBJC_ISA_USAGE = YES_ERROR;
				CLANG_WARN_DOCUMENTATION_COMMENTS = YES;
				CLANG_WARN_EMPTY_BODY = YES;
				CLANG_WARN_ENUM_CONVERSION = YES;
				CLANG_WARN_INFINITE_RECURSION = YES;
				CLANG_WARN_INT_CONVERSION = YES;
				CLANG_WARN_NON_LITERAL_NULL_CONVERSION = YES;
				CLANG_WARN_OBJC_LITERAL_CONVERSION = YES;
				CLANG_WARN_OBJC_ROOT_CLASS = YES_ERROR;
				CLANG_WARN_RANGE_LOOP_ANALYSIS = YES;
				CLANG_WARN_STRICT_PROTOTYPES = YES;
				CLANG_WARN_SUSPICIOUS_MOVE = YES;
				CLANG_WARN_UNGUARDED_AVAILABILITY = YES_AGGRESSIVE;
				CLANG_WARN_UNREACHABLE_CODE = YES;
				CLANG_WARN__DUPLICATE_METHOD_MATCH = YES;
				CODE_SIGN_IDENTITY = "iPhone Developer";
				COPY_PHASE_STRIP = NO;
				DEBUG_INFORMATION_FORMAT = dwarf;
				ENABLE_STRICT_OBJC_MSGSEND = YES;
				ENABLE_TESTABILITY = YES;
				GCC_C_LANGUAGE_STANDARD = gnu11;
				GCC_DYNAMIC_NO_PIC = NO;
				GCC_NO_COMMON_BLOCKS = YES;
				GCC_OPTIMIZATION_LEVEL = 0;
				GCC_PREPROCESSOR_DEFINITIONS = (
					"DEBUG=1",
					"$(inherited)",
				);
				GCC_WARN_64_TO_32_BIT_CONVERSION = YES;
				GCC_WARN_ABOUT_RETURN_TYPE = YES_ERROR;
				GCC_WARN_UNDECLARED_SELECTOR = YES;
				GCC_WARN_UNINITIALIZED_AUTOS = YES_AGGRESSIVE;
				GCC_WARN_UNUSED_FUNCTION = YES;
				GCC_WARN_UNUSED_VARIABLE = YES;
				IPHONEOS_DEPLOYMENT_TARGET = 11.2;
				MTL_ENABLE_DEBUG_INFO = YES;
				ONLY_ACTIVE_ARCH = YES;
				SDKROOT = iphoneos;
				SWIFT_ACTIVE_COMPILATION_CONDITIONS = DEBUG;
				SWIFT_OPTIMIZATION_LEVEL = "-Onone";
			};
			name = Debug;
		};
		8735E1552084F721008BA9F4 /* Release */ = {
			isa = XCBuildConfiguration;
			buildSettings = {
				ALWAYS_SEARCH_USER_PATHS = NO;
				CLANG_ANALYZER_NONNULL = YES;
				CLANG_ANALYZER_NUMBER_OBJECT_CONVERSION = YES_AGGRESSIVE;
				CLANG_CXX_LANGUAGE_STANDARD = "gnu++14";
				CLANG_CXX_LIBRARY = "libc++";
				CLANG_ENABLE_MODULES = YES;
				CLANG_ENABLE_OBJC_ARC = YES;
				CLANG_WARN_BLOCK_CAPTURE_AUTORELEASING = YES;
				CLANG_WARN_BOOL_CONVERSION = YES;
				CLANG_WARN_COMMA = YES;
				CLANG_WARN_CONSTANT_CONVERSION = YES;
				CLANG_WARN_DIRECT_OBJC_ISA_USAGE = YES_ERROR;
				CLANG_WARN_DOCUMENTATION_COMMENTS = YES;
				CLANG_WARN_EMPTY_BODY = YES;
				CLANG_WARN_ENUM_CONVERSION = YES;
				CLANG_WARN_INFINITE_RECURSION = YES;
				CLANG_WARN_INT_CONVERSION = YES;
				CLANG_WARN_NON_LITERAL_NULL_CONVERSION = YES;
				CLANG_WARN_OBJC_LITERAL_CONVERSION = YES;
				CLANG_WARN_OBJC_ROOT_CLASS = YES_ERROR;
				CLANG_WARN_RANGE_LOOP_ANALYSIS = YES;
				CLANG_WARN_STRICT_PROTOTYPES = YES;
				CLANG_WARN_SUSPICIOUS_MOVE = YES;
				CLANG_WARN_UNGUARDED_AVAILABILITY = YES_AGGRESSIVE;
				CLANG_WARN_UNREACHABLE_CODE = YES;
				CLANG_WARN__DUPLICATE_METHOD_MATCH = YES;
				CODE_SIGN_IDENTITY = "iPhone Developer";
				COPY_PHASE_STRIP = NO;
				DEBUG_INFORMATION_FORMAT = "dwarf-with-dsym";
				ENABLE_NS_ASSERTIONS = NO;
				ENABLE_STRICT_OBJC_MSGSEND = YES;
				GCC_C_LANGUAGE_STANDARD = gnu11;
				GCC_NO_COMMON_BLOCKS = YES;
				GCC_WARN_64_TO_32_BIT_CONVERSION = YES;
				GCC_WARN_ABOUT_RETURN_TYPE = YES_ERROR;
				GCC_WARN_UNDECLARED_SELECTOR = YES;
				GCC_WARN_UNINITIALIZED_AUTOS = YES_AGGRESSIVE;
				GCC_WARN_UNUSED_FUNCTION = YES;
				GCC_WARN_UNUSED_VARIABLE = YES;
				IPHONEOS_DEPLOYMENT_TARGET = 11.2;
				MTL_ENABLE_DEBUG_INFO = NO;
				SDKROOT = iphoneos;
				SWIFT_OPTIMIZATION_LEVEL = "-Owholemodule";
				VALIDATE_PRODUCT = YES;
			};
			name = Release;
		};
		8735E1572084F721008BA9F4 /* Debug */ = {
			isa = XCBuildConfiguration;
			buildSettings = {
				ASSETCATALOG_COMPILER_APPICON_NAME = AppIcon;
				CODE_SIGN_STYLE = Automatic;
				DEVELOPMENT_TEAM = ZT4G28N837;
				INFOPLIST_FILE = RoutePolyline/Info.plist;
				LD_RUNPATH_SEARCH_PATHS = "$(inherited) @executable_path/Frameworks";
				PRODUCT_BUNDLE_IDENTIFIER = "Yandex--LLC.RoutePolyline";
				PRODUCT_NAME = "$(TARGET_NAME)";
				SWIFT_VERSION = 4.0;
				TARGETED_DEVICE_FAMILY = "1,2";
			};
			name = Debug;
		};
		8735E1582084F721008BA9F4 /* Release */ = {
			isa = XCBuildConfiguration;
			buildSettings = {
				ASSETCATALOG_COMPILER_APPICON_NAME = AppIcon;
				CODE_SIGN_STYLE = Automatic;
				DEVELOPMENT_TEAM = ZT4G28N837;
				INFOPLIST_FILE = RoutePolyline/Info.plist;
				LD_RUNPATH_SEARCH_PATHS = "$(inherited) @executable_path/Frameworks";
				PRODUCT_BUNDLE_IDENTIFIER = "Yandex--LLC.RoutePolyline";
				PRODUCT_NAME = "$(TARGET_NAME)";
				SWIFT_VERSION = 4.0;
				TARGETED_DEVICE_FAMILY = "1,2";
			};
			name = Release;
		};
/* End XCBuildConfiguration section */

/* Begin XCConfigurationList section */
		8735E13F2084F721008BA9F4 /* Build configuration list for PBXProject "RoutePolyline" */ = {
			isa = XCConfigurationList;
			buildConfigurations = (
				8735E1542084F721008BA9F4 /* Debug */,
				8735E1552084F721008BA9F4 /* Release */,
			);
			defaultConfigurationIsVisible = 0;
			defaultConfigurationName = Release;
		};
		8735E1562084F721008BA9F4 /* Build configuration list for PBXNativeTarget "RoutePolyline" */ = {
			isa = XCConfigurationList;
			buildConfigurations = (
				8735E1572084F721008BA9F4 /* Debug */,
				8735E1582084F721008BA9F4 /* Release */,
			);
			defaultConfigurationIsVisible = 0;
			defaultConfigurationName = Release;
		};
/* End XCConfigurationList section */
	};
	rootObject = 8735E13C2084F721008BA9F4 /* Project object */;
}
